
Microsoft Visual Studio Solution File, Format Version 12.00
# Visual Studio Version 18
VisualStudioVersion = 18.5.11716.220
MinimumVisualStudioVersion = 10.0.40219.1
Project("{2150E333-8FDC-42A3-9474-1A3956D46DE8}") = "src", "src", "{655744F9-3113-4139-9808-F02C0BF9AD7C}"
EndProject
Project("{2150E333-8FDC-42A3-9474-1A3956D46DE8}") = "test", "test", "{2C02BE88-7375-4DAD-9CEA-D580938B5971}"
EndProject
Project("{6EC3EE1D-3C4E-46DD-8F32-0CC8E7565705}") = "Discorss.Ingestion.Service", "src\Discorss.Ingestion.Service\Discorss.Ingestion.Service.fsproj", "{0D74B815-889C-4E02-8E4C-B440092817A7}"
EndProject
Project("{2150E333-8FDC-42A3-9474-1A3956D46DE8}") = "build", "build", "{68B857CC-5B6E-45DC-ABEE-F9C8279252A1}"
	ProjectSection(SolutionItems) = preProject
		.github\workflows\build.yml = .github\workflows\build.yml
		builddocker.ps1 = builddocker.ps1
		.github\CODEOWNERS = .github\CODEOWNERS
		docker-compose.debug.yml = docker-compose.debug.yml
		docker-compose.yml = docker-compose.yml
		Dockerfile-Service = Dockerfile-Service
		rundocker.ps1 = rundocker.ps1
		.github\workflows\sca.yml = .github\workflows\sca.yml
	EndProjectSection
EndProject
Project("{6EC3EE1D-3C4E-46DD-8F32-0CC8E7565705}") = "Discorss.Indexing.Service", "src\Discorss.Indexing.Service\Discorss.Indexing.Service.fsproj", "{1A2C2853-E161-4052-B2BF-941F52701FD7}"
EndProject
Project("{6EC3EE1D-3C4E-46DD-8F32-0CC8E7565705}") = "Discorss.Indexing", "src\Discorss.Indexing\Discorss.Indexing.fsproj", "{B7887C0D-0699-400E-B87A-331BF2E7987A}"
EndProject
Project("{6EC3EE1D-3C4E-46DD-8F32-0CC8E7565705}") = "Discorss.Indexing.Test.Unit", "test\Discorss.Indexing.Test.Unit\Discorss.Indexing.Test.Unit.fsproj", "{9E859C99-7A1F-4362-8F17-E6B7F6C455BE}"
EndProject
Project("{6EC3EE1D-3C4E-46DD-8F32-0CC8E7565705}") = "Discorss.Feeds", "src\Discorss.Feeds\Discorss.Feeds.fsproj", "{DCAFEC80-67F2-420F-BBCA-78C0006EF74C}"
EndProject
Project("{6EC3EE1D-3C4E-46DD-8F32-0CC8E7565705}") = "Discorss.Common", "src\Discorss.Common\Discorss.Common.fsproj", "{B460ED67-3800-41BC-BA9D-822325A0C439}"
EndProject
Project("{6EC3EE1D-3C4E-46DD-8F32-0CC8E7565705}") = "Discorss.Feeds.Test.Unit", "test\Discorss.Feeds.Test.Unit\Discorss.Feeds.Test.Unit.fsproj", "{CDF1D989-11F0-4C8C-A3D5-2437D9531191}"
EndProject
Project("{6EC3EE1D-3C4E-46DD-8F32-0CC8E7565705}") = "Discorss.Common.Test.Unit", "test\Discorss.Common.Test.Unit\Discorss.Common.Test.Unit.fsproj", "{7ACC590A-8E9A-488D-98B0-58CBCB8A6593}"
EndProject
Project("{6EC3EE1D-3C4E-46DD-8F32-0CC8E7565705}") = "Discorss.Feeds.Service", "src\Discorss.Feeds.Service\Discorss.Feeds.Service.fsproj", "{89DE538D-62ED-421D-A5F2-C9842C2FA7AC}"
EndProject
Project("{6EC3EE1D-3C4E-46DD-8F32-0CC8E7565705}") = "Discorss.Ingestion", "src\Discorss.Ingestion\Discorss.Ingestion.fsproj", "{27169819-0182-4A69-89C2-9DD3010D2B1D}"
EndProject
Project("{6EC3EE1D-3C4E-46DD-8F32-0CC8E7565705}") = "Discorss.Ingestion.Test.Unit", "test\Discorss.Ingestion.Test.Unit\Discorss.Ingestion.Test.Unit.fsproj", "{CB792DA8-4D4D-42E6-A721-7675EF5B375B}"
EndProject
Project("{F2A71F9B-5D33-465A-A702-920D77279786}") = "Discorss.Test.Benchmarks", "benchmarks\Discorss.Test.Benchmarks\Discorss.Test.Benchmarks.fsproj", "{76E354EB-BF0F-78FA-ED6B-4B640FF77C53}"
EndProject
Project("{F2A71F9B-5D33-465A-A702-920D77279786}") = "Discorss.ApiModels", "src\Discorss.ApiModels\Discorss.ApiModels.fsproj", "{50AB162E-829E-4D70-89D8-78EB62C15E0B}"
EndProject
Project("{F2A71F9B-5D33-465A-A702-920D77279786}") = "Discorss.Server", "src\Discorss.Server\Discorss.Server.fsproj", "{3117D749-A1B3-414C-AF83-9BDD2A614766}"
EndProject
Project("{2150E333-8FDC-42A3-9474-1A3956D46DE8}") = "feeds", "feeds", "{BF21E92C-B13A-41FD-982A-FD411162D32D}"
EndProject
Project("{2150E333-8FDC-42A3-9474-1A3956D46DE8}") = "indexing", "indexing", "{E17A4C2E-6484-41F6-93B5-A46D31018F26}"
EndProject
Project("{2150E333-8FDC-42A3-9474-1A3956D46DE8}") = "ingestion", "ingestion", "{7362D428-3A7A-47C9-8505-5C35CC1B4FF0}"
EndProject
Project("{2150E333-8FDC-42A3-9474-1A3956D46DE8}") = "server", "server", "{F2B2C62A-10E5-490A-9709-D98993A5D0B1}"
EndProject
Project("{F2A71F9B-5D33-465A-A702-920D77279786}") = "Discorss.Documents", "src\Discorss.Documents\Discorss.Documents.fsproj", "{D4F62768-1B19-29C5-3747-3BF242977670}"
EndProject
Project("{F2A71F9B-5D33-465A-A702-920D77279786}") = "Discorss.Tests.Integration", "test\Discorss.Tests.Integration\Discorss.Tests.Integration.fsproj", "{98E1636A-B15C-4620-A6B6-9D721F2223E6}"
EndProject
Project("{F2A71F9B-5D33-465A-A702-920D77279786}") = "Discorss.Documents.Test.Unit", "test\Discorss.Documents.Test.Unit\Discorss.Documents.Test.Unit.fsproj", "{FADF2311-988B-4B0F-8707-D7451112C85B}"
EndProject
Project("{2150E333-8FDC-42A3-9474-1A3956D46DE8}") = "http", "http", "{536019B8-79CF-49B5-B42A-7BC52DC0A002}"
	ProjectSection(SolutionItems) = preProject
		http\Documents.http = http\Documents.http
		http\Feeds.http = http\Feeds.http
		http\Ingestion.http = http\Ingestion.http
	EndProjectSection
EndProject
Project("{F2A71F9B-5D33-465A-A702-920D77279786}") = "Discorss.Documents.Service", "src\Discorss.Documents.Service\Discorss.Documents.Service.fsproj", "{59BCF469-72E6-4B36-808A-B48D42230672}"
EndProject
Project("{2150E333-8FDC-42A3-9474-1A3956D46DE8}") = "cli", "cli", "{1D142BD3-7964-4957-BAE7-D49D2A10315C}"
EndProject
Project("{F2A71F9B-5D33-465A-A702-920D77279786}") = "Discorss.Cli", "src\Discorss.Cli\Discorss.Cli.fsproj", "{FEC417D0-45F2-4241-A591-2F38336A0C99}"
EndProject
Global
	GlobalSection(SolutionConfigurationPlatforms) = preSolution
		Debug|Any CPU = Debug|Any CPU
		Release|Any CPU = Release|Any CPU
	EndGlobalSection
	GlobalSection(ProjectConfigurationPlatforms) = postSolution
		{0D74B815-889C-4E02-8E4C-B440092817A7}.Debug|Any CPU.ActiveCfg = Debug|Any CPU
		{0D74B815-889C-4E02-8E4C-B440092817A7}.Debug|Any CPU.Build.0 = Debug|Any CPU
		{0D74B815-889C-4E02-8E4C-B440092817A7}.Release|Any CPU.ActiveCfg = Release|Any CPU
		{0D74B815-889C-4E02-8E4C-B440092817A7}.Release|Any CPU.Build.0 = Release|Any CPU
		{1A2C2853-E161-4052-B2BF-941F52701FD7}.Debug|Any CPU.ActiveCfg = Debug|Any CPU
		{1A2C2853-E161-4052-B2BF-941F52701FD7}.Debug|Any CPU.Build.0 = Debug|Any CPU
		{1A2C2853-E161-4052-B2BF-941F52701FD7}.Release|Any CPU.ActiveCfg = Release|Any CPU
		{1A2C2853-E161-4052-B2BF-941F52701FD7}.Release|Any CPU.Build.0 = Release|Any CPU
		{B7887C0D-0699-400E-B87A-331BF2E7987A}.Debug|Any CPU.ActiveCfg = Debug|Any CPU
		{B7887C0D-0699-400E-B87A-331BF2E7987A}.Debug|Any CPU.Build.0 = Debug|Any CPU
		{B7887C0D-0699-400E-B87A-331BF2E7987A}.Release|Any CPU.ActiveCfg = Release|Any CPU
		{B7887C0D-0699-400E-B87A-331BF2E7987A}.Release|Any CPU.Build.0 = Release|Any CPU
		{9E859C99-7A1F-4362-8F17-E6B7F6C455BE}.Debug|Any CPU.ActiveCfg = Debug|Any CPU
		{9E859C99-7A1F-4362-8F17-E6B7F6C455BE}.Debug|Any CPU.Build.0 = Debug|Any CPU
		{9E859C99-7A1F-4362-8F17-E6B7F6C455BE}.Release|Any CPU.ActiveCfg = Release|Any CPU
		{9E859C99-7A1F-4362-8F17-E6B7F6C455BE}.Release|Any CPU.Build.0 = Release|Any CPU
		{DCAFEC80-67F2-420F-BBCA-78C0006EF74C}.Debug|Any CPU.ActiveCfg = Debug|Any CPU
		{DCAFEC80-67F2-420F-BBCA-78C0006EF74C}.Debug|Any CPU.Build.0 = Debug|Any CPU
		{DCAFEC80-67F2-420F-BBCA-78C0006EF74C}.Release|Any CPU.ActiveCfg = Release|Any CPU
		{DCAFEC80-67F2-420F-BBCA-78C0006EF74C}.Release|Any CPU.Build.0 = Release|Any CPU
		{B460ED67-3800-41BC-BA9D-822325A0C439}.Debug|Any CPU.ActiveCfg = Debug|Any CPU
		{B460ED67-3800-41BC-BA9D-822325A0C439}.Debug|Any CPU.Build.0 = Debug|Any CPU
		{B460ED67-3800-41BC-BA9D-822325A0C439}.Release|Any CPU.ActiveCfg = Release|Any CPU
		{B460ED67-3800-41BC-BA9D-822325A0C439}.Release|Any CPU.Build.0 = Release|Any CPU
		{CDF1D989-11F0-4C8C-A3D5-2437D9531191}.Debug|Any CPU.ActiveCfg = Debug|Any CPU
		{CDF1D989-11F0-4C8C-A3D5-2437D9531191}.Debug|Any CPU.Build.0 = Debug|Any CPU
		{CDF1D989-11F0-4C8C-A3D5-2437D9531191}.Release|Any CPU.ActiveCfg = Release|Any CPU
		{CDF1D989-11F0-4C8C-A3D5-2437D9531191}.Release|Any CPU.Build.0 = Release|Any CPU
		{7ACC590A-8E9A-488D-98B0-58CBCB8A6593}.Debug|Any CPU.ActiveCfg = Debug|Any CPU
		{7ACC590A-8E9A-488D-98B0-58CBCB8A6593}.Debug|Any CPU.Build.0 = Debug|Any CPU
		{7ACC590A-8E9A-488D-98B0-58CBCB8A6593}.Release|Any CPU.ActiveCfg = Release|Any CPU
		{7ACC590A-8E9A-488D-98B0-58CBCB8A6593}.Release|Any CPU.Build.0 = Release|Any CPU
		{89DE538D-62ED-421D-A5F2-C9842C2FA7AC}.Debug|Any CPU.ActiveCfg = Debug|Any CPU
		{89DE538D-62ED-421D-A5F2-C9842C2FA7AC}.Debug|Any CPU.Build.0 = Debug|Any CPU
		{89DE538D-62ED-421D-A5F2-C9842C2FA7AC}.Release|Any CPU.ActiveCfg = Release|Any CPU
		{89DE538D-62ED-421D-A5F2-C9842C2FA7AC}.Release|Any CPU.Build.0 = Release|Any CPU
		{27169819-0182-4A69-89C2-9DD3010D2B1D}.Debug|Any CPU.ActiveCfg = Debug|Any CPU
		{27169819-0182-4A69-89C2-9DD3010D2B1D}.Debug|Any CPU.Build.0 = Debug|Any CPU
		{27169819-0182-4A69-89C2-9DD3010D2B1D}.Release|Any CPU.ActiveCfg = Release|Any CPU
		{27169819-0182-4A69-89C2-9DD3010D2B1D}.Release|Any CPU.Build.0 = Release|Any CPU
		{CB792DA8-4D4D-42E6-A721-7675EF5B375B}.Debug|Any CPU.ActiveCfg = Debug|Any CPU
		{CB792DA8-4D4D-42E6-A721-7675EF5B375B}.Debug|Any CPU.Build.0 = Debug|Any CPU
		{CB792DA8-4D4D-42E6-A721-7675EF5B375B}.Release|Any CPU.ActiveCfg = Release|Any CPU
		{CB792DA8-4D4D-42E6-A721-7675EF5B375B}.Release|Any CPU.Build.0 = Release|Any CPU
		{76E354EB-BF0F-78FA-ED6B-4B640FF77C53}.Debug|Any CPU.ActiveCfg = Debug|Any CPU
		{76E354EB-BF0F-78FA-ED6B-4B640FF77C53}.Debug|Any CPU.Build.0 = Debug|Any CPU
		{76E354EB-BF0F-78FA-ED6B-4B640FF77C53}.Release|Any CPU.ActiveCfg = Release|Any CPU
		{76E354EB-BF0F-78FA-ED6B-4B640FF77C53}.Release|Any CPU.Build.0 = Release|Any CPU
		{50AB162E-829E-4D70-89D8-78EB62C15E0B}.Debug|Any CPU.ActiveCfg = Debug|Any CPU
		{50AB162E-829E-4D70-89D8-78EB62C15E0B}.Debug|Any CPU.Build.0 = Debug|Any CPU
		{50AB162E-829E-4D70-89D8-78EB62C15E0B}.Release|Any CPU.ActiveCfg = Release|Any CPU
		{50AB162E-829E-4D70-89D8-78EB62C15E0B}.Release|Any CPU.Build.0 = Release|Any CPU
		{3117D749-A1B3-414C-AF83-9BDD2A614766}.Debug|Any CPU.ActiveCfg = Debug|Any CPU
		{3117D749-A1B3-414C-AF83-9BDD2A614766}.Debug|Any CPU.Build.0 = Debug|Any CPU
		{3117D749-A1B3-414C-AF83-9BDD2A614766}.Release|Any CPU.ActiveCfg = Release|Any CPU
		{3117D749-A1B3-414C-AF83-9BDD2A614766}.Release|Any CPU.Build.0 = Release|Any CPU
		{D4F62768-1B19-29C5-3747-3BF242977670}.Debug|Any CPU.ActiveCfg = Debug|Any CPU
		{D4F62768-1B19-29C5-3747-3BF242977670}.Debug|Any CPU.Build.0 = Debug|Any CPU
		{D4F62768-1B19-29C5-3747-3BF242977670}.Release|Any CPU.ActiveCfg = Release|Any CPU
		{D4F62768-1B19-29C5-3747-3BF242977670}.Release|Any CPU.Build.0 = Release|Any CPU
		{98E1636A-B15C-4620-A6B6-9D721F2223E6}.Debug|Any CPU.ActiveCfg = Debug|Any CPU
		{98E1636A-B15C-4620-A6B6-9D721F2223E6}.Debug|Any CPU.Build.0 = Debug|Any CPU
		{98E1636A-B15C-4620-A6B6-9D721F2223E6}.Release|Any CPU.ActiveCfg = Release|Any CPU
		{98E1636A-B15C-4620-A6B6-9D721F2223E6}.Release|Any CPU.Build.0 = Release|Any CPU
		{FADF2311-988B-4B0F-8707-D7451112C85B}.Debug|Any CPU.ActiveCfg = Debug|Any CPU
		{FADF2311-988B-4B0F-8707-D7451112C85B}.Debug|Any CPU.Build.0 = Debug|Any CPU
		{FADF2311-988B-4B0F-8707-D7451112C85B}.Release|Any CPU.ActiveCfg = Release|Any CPU
		{FADF2311-988B-4B0F-8707-D7451112C85B}.Release|Any CPU.Build.0 = Release|Any CPU
		{59BCF469-72E6-4B36-808A-B48D42230672}.Debug|Any CPU.ActiveCfg = Debug|Any CPU
		{59BCF469-72E6-4B36-808A-B48D42230672}.Debug|Any CPU.Build.0 = Debug|Any CPU
		{59BCF469-72E6-4B36-808A-B48D42230672}.Release|Any CPU.ActiveCfg = Release|Any CPU
		{59BCF469-72E6-4B36-808A-B48D42230672}.Release|Any CPU.Build.0 = Release|Any CPU
		{FEC417D0-45F2-4241-A591-2F38336A0C99}.Debug|Any CPU.ActiveCfg = Debug|Any CPU
		{FEC417D0-45F2-4241-A591-2F38336A0C99}.Debug|Any CPU.Build.0 = Debug|Any CPU
		{FEC417D0-45F2-4241-A591-2F38336A0C99}.Release|Any CPU.ActiveCfg = Release|Any CPU
		{FEC417D0-45F2-4241-A591-2F38336A0C99}.Release|Any CPU.Build.0 = Release|Any CPU
	EndGlobalSection
	GlobalSection(SolutionProperties) = preSolution
		HideSolutionNode = FALSE
	EndGlobalSection
	GlobalSection(NestedProjects) = preSolution
		{0D74B815-889C-4E02-8E4C-B440092817A7} = {7362D428-3A7A-47C9-8505-5C35CC1B4FF0}
		{1A2C2853-E161-4052-B2BF-941F52701FD7} = {E17A4C2E-6484-41F6-93B5-A46D31018F26}
		{B7887C0D-0699-400E-B87A-331BF2E7987A} = {E17A4C2E-6484-41F6-93B5-A46D31018F26}
		{9E859C99-7A1F-4362-8F17-E6B7F6C455BE} = {2C02BE88-7375-4DAD-9CEA-D580938B5971}
		{DCAFEC80-67F2-420F-BBCA-78C0006EF74C} = {BF21E92C-B13A-41FD-982A-FD411162D32D}
		{B460ED67-3800-41BC-BA9D-822325A0C439} = {F2B2C62A-10E5-490A-9709-D98993A5D0B1}
		{CDF1D989-11F0-4C8C-A3D5-2437D9531191} = {2C02BE88-7375-4DAD-9CEA-D580938B5971}
		{7ACC590A-8E9A-488D-98B0-58CBCB8A6593} = {2C02BE88-7375-4DAD-9CEA-D580938B5971}
		{89DE538D-62ED-421D-A5F2-C9842C2FA7AC} = {BF21E92C-B13A-41FD-982A-FD411162D32D}
		{27169819-0182-4A69-89C2-9DD3010D2B1D} = {7362D428-3A7A-47C9-8505-5C35CC1B4FF0}
		{CB792DA8-4D4D-42E6-A721-7675EF5B375B} = {2C02BE88-7375-4DAD-9CEA-D580938B5971}
		{76E354EB-BF0F-78FA-ED6B-4B640FF77C53} = {2C02BE88-7375-4DAD-9CEA-D580938B5971}
		{50AB162E-829E-4D70-89D8-78EB62C15E0B} = {F2B2C62A-10E5-490A-9709-D98993A5D0B1}
		{3117D749-A1B3-414C-AF83-9BDD2A614766} = {F2B2C62A-10E5-490A-9709-D98993A5D0B1}
		{BF21E92C-B13A-41FD-982A-FD411162D32D} = {655744F9-3113-4139-9808-F02C0BF9AD7C}
		{E17A4C2E-6484-41F6-93B5-A46D31018F26} = {655744F9-3113-4139-9808-F02C0BF9AD7C}
		{7362D428-3A7A-47C9-8505-5C35CC1B4FF0} = {655744F9-3113-4139-9808-F02C0BF9AD7C}
		{F2B2C62A-10E5-490A-9709-D98993A5D0B1} = {655744F9-3113-4139-9808-F02C0BF9AD7C}
		{D4F62768-1B19-29C5-3747-3BF242977670} = {BF21E92C-B13A-41FD-982A-FD411162D32D}
		{98E1636A-B15C-4620-A6B6-9D721F2223E6} = {2C02BE88-7375-4DAD-9CEA-D580938B5971}
		{FADF2311-988B-4B0F-8707-D7451112C85B} = {2C02BE88-7375-4DAD-9CEA-D580938B5971}
		{59BCF469-72E6-4B36-808A-B48D42230672} = {BF21E92C-B13A-41FD-982A-FD411162D32D}
		{1D142BD3-7964-4957-BAE7-D49D2A10315C} = {655744F9-3113-4139-9808-F02C0BF9AD7C}
		{FEC417D0-45F2-4241-A591-2F38336A0C99} = {1D142BD3-7964-4957-BAE7-D49D2A10315C}
	EndGlobalSection
	GlobalSection(ExtensibilityGlobals) = postSolution
		SolutionGuid = {885B064D-58C3-4A8F-9235-9D51F72CD0D6}
	EndGlobalSection
EndGlobal
