
Microsoft Visual Studio Solution File, Format Version 12.00
# Visual Studio Version 17
VisualStudioVersion = 17.3.32819.101
MinimumVisualStudioVersion = 10.0.40219.1
Project("{2150E333-8FDC-42A3-9474-1A3956D46DE8}") = "src", "src", "{655744F9-3113-4139-9808-F02C0BF9AD7C}"
EndProject
Project("{2150E333-8FDC-42A3-9474-1A3956D46DE8}") = "test", "test", "{2C02BE88-7375-4DAD-9CEA-D580938B5971}"
EndProject
Project("{6EC3EE1D-3C4E-46DD-8F32-0CC8E7565705}") = "Discorss.Ingestion.Service", "src\Discorss.Ingestion.Service\Discorss.Ingestion.Service.fsproj", "{0D74B815-889C-4E02-8E4C-B440092817A7}"
EndProject
Project("{2150E333-8FDC-42A3-9474-1A3956D46DE8}") = "build", "build", "{68B857CC-5B6E-45DC-ABEE-F9C8279252A1}"
	ProjectSection(SolutionItems) = preProject
		build.fsx = build.fsx
		build.ps1 = build.ps1
		.github\workflows\build.yml = .github\workflows\build.yml
		.github\workflows\clean-builds.yaml = .github\workflows\clean-builds.yaml
		.github\CODEOWNERS = .github\CODEOWNERS
		.github\workflows\codeql-analysis.yml = .github\workflows\codeql-analysis.yml
		paket.dependencies = paket.dependencies
		.github\workflows\sca.yml = .github\workflows\sca.yml
	EndProjectSection
EndProject
Project("{6EC3EE1D-3C4E-46DD-8F32-0CC8E7565705}") = "Discorss.Indexing.Service", "src\Discorss.Indexing.Service\Discorss.Indexing.Service.fsproj", "{1A2C2853-E161-4052-B2BF-941F52701FD7}"
EndProject
Project("{6EC3EE1D-3C4E-46DD-8F32-0CC8E7565705}") = "Discorss.Indexing", "src\Discorss.Indexing\Discorss.Indexing.fsproj", "{B7887C0D-0699-400E-B87A-331BF2E7987A}"
EndProject
Project("{6EC3EE1D-3C4E-46DD-8F32-0CC8E7565705}") = "Discorss.Test.Benchmarks", "test\Discorss.Test.Benchmarks\Discorss.Test.Benchmarks.fsproj", "{9B6BBB2F-3B50-416F-88C5-7097CECBF6DA}"
EndProject
Project("{6EC3EE1D-3C4E-46DD-8F32-0CC8E7565705}") = "Discorss.Indexing.Test.Unit", "test\Discorss.Indexing.Test.Unit\Discorss.Indexing.Test.Unit.fsproj", "{9E859C99-7A1F-4362-8F17-E6B7F6C455BE}"
EndProject
Project("{6EC3EE1D-3C4E-46DD-8F32-0CC8E7565705}") = "Discorss.Feeds", "src\Discorss.Feeds\Discorss.Feeds.fsproj", "{DCAFEC80-67F2-420F-BBCA-78C0006EF74C}"
EndProject
Project("{6EC3EE1D-3C4E-46DD-8F32-0CC8E7565705}") = "Discorss.Common", "src\Discorss.Common\Discorss.Common.fsproj", "{B460ED67-3800-41BC-BA9D-822325A0C439}"
EndProject
Project("{6EC3EE1D-3C4E-46DD-8F32-0CC8E7565705}") = "Discorss.Feeds.Test.Unit", "test\Discorss.Feeds.Test.Unit\Discorss.Feeds.Test.Unit.fsproj", "{CDF1D989-11F0-4C8C-A3D5-2437D9531191}"
EndProject
Project("{6EC3EE1D-3C4E-46DD-8F32-0CC8E7565705}") = "Discorss.Common.Test.Unit", "test\Discorss.Common.Test.Unit\Discorss.Common.Test.Unit.fsproj", "{7ACC590A-8E9A-488D-98B0-58CBCB8A6593}"
EndProject
Project("{6EC3EE1D-3C4E-46DD-8F32-0CC8E7565705}") = "Discorss.Feeds.Service", "src\Discorss.Feeds.Service\Discorss.Feeds.Service.fsproj", "{89DE538D-62ED-421D-A5F2-C9842C2FA7AC}"
EndProject
Project("{F2A71F9B-5D33-465A-A702-920D77279786}") = "Discorss.Security", "src\Discorss.Security\Discorss.Security.fsproj", "{BC19B417-92D8-446E-A267-6593FA73112B}"
EndProject
Global
	GlobalSection(SolutionConfigurationPlatforms) = preSolution
		Debug|Any CPU = Debug|Any CPU
		Release|Any CPU = Release|Any CPU
	EndGlobalSection
	GlobalSection(ProjectConfigurationPlatforms) = postSolution
		{0D74B815-889C-4E02-8E4C-B440092817A7}.Debug|Any CPU.ActiveCfg = Debug|Any CPU
		{0D74B815-889C-4E02-8E4C-B440092817A7}.Debug|Any CPU.Build.0 = Debug|Any CPU
		{0D74B815-889C-4E02-8E4C-B440092817A7}.Release|Any CPU.ActiveCfg = Release|Any CPU
		{0D74B815-889C-4E02-8E4C-B440092817A7}.Release|Any CPU.Build.0 = Release|Any CPU
		{1A2C2853-E161-4052-B2BF-941F52701FD7}.Debug|Any CPU.ActiveCfg = Debug|Any CPU
		{1A2C2853-E161-4052-B2BF-941F52701FD7}.Debug|Any CPU.Build.0 = Debug|Any CPU
		{1A2C2853-E161-4052-B2BF-941F52701FD7}.Release|Any CPU.ActiveCfg = Release|Any CPU
		{1A2C2853-E161-4052-B2BF-941F52701FD7}.Release|Any CPU.Build.0 = Release|Any CPU
		{B7887C0D-0699-400E-B87A-331BF2E7987A}.Debug|Any CPU.ActiveCfg = Debug|Any CPU
		{B7887C0D-0699-400E-B87A-331BF2E7987A}.Debug|Any CPU.Build.0 = Debug|Any CPU
		{B7887C0D-0699-400E-B87A-331BF2E7987A}.Release|Any CPU.ActiveCfg = Release|Any CPU
		{B7887C0D-0699-400E-B87A-331BF2E7987A}.Release|Any CPU.Build.0 = Release|Any CPU
		{9B6BBB2F-3B50-416F-88C5-7097CECBF6DA}.Debug|Any CPU.ActiveCfg = Debug|Any CPU
		{9B6BBB2F-3B50-416F-88C5-7097CECBF6DA}.Debug|Any CPU.Build.0 = Debug|Any CPU
		{9B6BBB2F-3B50-416F-88C5-7097CECBF6DA}.Release|Any CPU.ActiveCfg = Release|Any CPU
		{9B6BBB2F-3B50-416F-88C5-7097CECBF6DA}.Release|Any CPU.Build.0 = Release|Any CPU
		{9E859C99-7A1F-4362-8F17-E6B7F6C455BE}.Debug|Any CPU.ActiveCfg = Debug|Any CPU
		{9E859C99-7A1F-4362-8F17-E6B7F6C455BE}.Debug|Any CPU.Build.0 = Debug|Any CPU
		{9E859C99-7A1F-4362-8F17-E6B7F6C455BE}.Release|Any CPU.ActiveCfg = Release|Any CPU
		{9E859C99-7A1F-4362-8F17-E6B7F6C455BE}.Release|Any CPU.Build.0 = Release|Any CPU
		{DCAFEC80-67F2-420F-BBCA-78C0006EF74C}.Debug|Any CPU.ActiveCfg = Debug|Any CPU
		{DCAFEC80-67F2-420F-BBCA-78C0006EF74C}.Debug|Any CPU.Build.0 = Debug|Any CPU
		{DCAFEC80-67F2-420F-BBCA-78C0006EF74C}.Release|Any CPU.ActiveCfg = Release|Any CPU
		{DCAFEC80-67F2-420F-BBCA-78C0006EF74C}.Release|Any CPU.Build.0 = Release|Any CPU
		{B460ED67-3800-41BC-BA9D-822325A0C439}.Debug|Any CPU.ActiveCfg = Debug|Any CPU
		{B460ED67-3800-41BC-BA9D-822325A0C439}.Debug|Any CPU.Build.0 = Debug|Any CPU
		{B460ED67-3800-41BC-BA9D-822325A0C439}.Release|Any CPU.ActiveCfg = Release|Any CPU
		{B460ED67-3800-41BC-BA9D-822325A0C439}.Release|Any CPU.Build.0 = Release|Any CPU
		{CDF1D989-11F0-4C8C-A3D5-2437D9531191}.Debug|Any CPU.ActiveCfg = Debug|Any CPU
		{CDF1D989-11F0-4C8C-A3D5-2437D9531191}.Debug|Any CPU.Build.0 = Debug|Any CPU
		{CDF1D989-11F0-4C8C-A3D5-2437D9531191}.Release|Any CPU.ActiveCfg = Release|Any CPU
		{CDF1D989-11F0-4C8C-A3D5-2437D9531191}.Release|Any CPU.Build.0 = Release|Any CPU
		{7ACC590A-8E9A-488D-98B0-58CBCB8A6593}.Debug|Any CPU.ActiveCfg = Debug|Any CPU
		{7ACC590A-8E9A-488D-98B0-58CBCB8A6593}.Debug|Any CPU.Build.0 = Debug|Any CPU
		{7ACC590A-8E9A-488D-98B0-58CBCB8A6593}.Release|Any CPU.ActiveCfg = Release|Any CPU
		{7ACC590A-8E9A-488D-98B0-58CBCB8A6593}.Release|Any CPU.Build.0 = Release|Any CPU
		{89DE538D-62ED-421D-A5F2-C9842C2FA7AC}.Debug|Any CPU.ActiveCfg = Debug|Any CPU
		{89DE538D-62ED-421D-A5F2-C9842C2FA7AC}.Debug|Any CPU.Build.0 = Debug|Any CPU
		{89DE538D-62ED-421D-A5F2-C9842C2FA7AC}.Release|Any CPU.ActiveCfg = Release|Any CPU
		{89DE538D-62ED-421D-A5F2-C9842C2FA7AC}.Release|Any CPU.Build.0 = Release|Any CPU
		{BC19B417-92D8-446E-A267-6593FA73112B}.Debug|Any CPU.ActiveCfg = Debug|Any CPU
		{BC19B417-92D8-446E-A267-6593FA73112B}.Debug|Any CPU.Build.0 = Debug|Any CPU
		{BC19B417-92D8-446E-A267-6593FA73112B}.Release|Any CPU.ActiveCfg = Release|Any CPU
		{BC19B417-92D8-446E-A267-6593FA73112B}.Release|Any CPU.Build.0 = Release|Any CPU
	EndGlobalSection
	GlobalSection(SolutionProperties) = preSolution
		HideSolutionNode = FALSE
	EndGlobalSection
	GlobalSection(NestedProjects) = preSolution
		{0D74B815-889C-4E02-8E4C-B440092817A7} = {655744F9-3113-4139-9808-F02C0BF9AD7C}
		{1A2C2853-E161-4052-B2BF-941F52701FD7} = {655744F9-3113-4139-9808-F02C0BF9AD7C}
		{B7887C0D-0699-400E-B87A-331BF2E7987A} = {655744F9-3113-4139-9808-F02C0BF9AD7C}
		{9B6BBB2F-3B50-416F-88C5-7097CECBF6DA} = {2C02BE88-7375-4DAD-9CEA-D580938B5971}
		{9E859C99-7A1F-4362-8F17-E6B7F6C455BE} = {2C02BE88-7375-4DAD-9CEA-D580938B5971}
		{DCAFEC80-67F2-420F-BBCA-78C0006EF74C} = {655744F9-3113-4139-9808-F02C0BF9AD7C}
		{B460ED67-3800-41BC-BA9D-822325A0C439} = {655744F9-3113-4139-9808-F02C0BF9AD7C}
		{CDF1D989-11F0-4C8C-A3D5-2437D9531191} = {2C02BE88-7375-4DAD-9CEA-D580938B5971}
		{7ACC590A-8E9A-488D-98B0-58CBCB8A6593} = {2C02BE88-7375-4DAD-9CEA-D580938B5971}
		{89DE538D-62ED-421D-A5F2-C9842C2FA7AC} = {655744F9-3113-4139-9808-F02C0BF9AD7C}
		{BC19B417-92D8-446E-A267-6593FA73112B} = {655744F9-3113-4139-9808-F02C0BF9AD7C}
	EndGlobalSection
	GlobalSection(ExtensibilityGlobals) = postSolution
		SolutionGuid = {885B064D-58C3-4A8F-9235-9D51F72CD0D6}
	EndGlobalSection
EndGlobal
